# THIS IS AN AUTOGENERATED FILE. DO NOT EDIT THIS FILE DIRECTLY.
# yarn lockfile v1


"@puppeteer/browsers@3.2.2":
  version "3.2.2"
  resolved "https://registry.yarnpkg.com/@puppeteer/browsers/-/browsers-3.2.2.tgz#5fb046a7ea11d83d8e559efa046118c3066662da"
  integrity sha512-q2BU4YfO9h/Wt7IcWPcggpOOqLk2Tbs1hDwolvKZrweRjy751OJBKMN9zO5bfD0pzU7X/tvKw/exQds4pM/LOg==
  dependencies:
    modern-tar "^0.8.4"
    yargs "^18.0.0"

ansi-regex@^6.2.2:
  version "6.4.0"
  resolved "https://registry.yarnpkg.com/ansi-regex/-/ansi-regex-6.4.0.tgz#69093d6436d30dbb9b04fe7bdcbcfe16c697d8a1"
  integrity sha512-KzTVk2tCWAHtYrvvvaP8bJKJq2pVinhLcGEQdtLIYPbmNGNyYe8QwNaTUYQp2J7/vIsUKt5QCqAfUkYyG9DkOw==

ansi-styles@^6.2.1:
  version "6.2.3"
  resolved "https://registry.yarnpkg.com/ansi-styles/-/ansi-styles-6.2.3.tgz#c044d5dcc521a076413472597a1acb1f103c4041"
  integrity sha512-4Dj6M28JB+oAH8kFkTLUo+a2jwOFkuqb3yucU0CANcRRUbxS0cP0nZYCGjcc3BNXwRIsUVmDGgzawme7zvJHvg==

argparse@^1.0.7:
  version "1.0.10"
  resolved "https://registry.npmjs.org/argparse/-/argparse-1.0.10.tgz"
  integrity sha512-o5Roy6tNG4SL/FOkCAN6RzjiakZS25RLYFrcMttJqbdd8BWrnA+fGz57iN5Pb06pvBGvl5gQ0B48dJlslXvoTg==
  dependencies:
    sprintf-js "~1.0.2"

asn1@0.1.11:
  version "0.1.11"
  resolved "https://registry.npmjs.org/asn1/-/asn1-0.1.11.tgz"
  integrity sha512-Fh9zh3G2mZ8qM/kwsiKwL2U2FmXxVsboP4x1mXjnhKHv3SmzaBZoYvxEQJz/YS2gnCgd8xlAVWcZnQyC9qZBsA==

assert-plus@^0.1.5:
  version "0.1.5"
  resolved "https://registry.npmjs.org/assert-plus/-/assert-plus-0.1.5.tgz"
  integrity sha512-brU24g7ryhRwGCI2y+1dGQmQXiZF7TtIj583S96y0jjdajIe6wn8BuXyELYhvD22dtIxDQVFk04YTJwwdwOYJw==

async@~0.2.9:
  version "0.2.10"
  resolved "https://registry.npmjs.org/async/-/async-0.2.10.tgz"
  integrity sha512-eAkdoKxU6/LkKDBzLpT+t6Ff5EtfSF4wx1WfJiPEEV7WNLnDaRXk0oVysiEPm262roaachGexwUv94WhSgN5TQ==

async@~0.9.0:
  version "0.9.2"
  resolved "https://registry.npmjs.org/async/-/async-0.9.2.tgz"
  integrity sha512-l6ToIJIotphWahxxHyzK9bnLR6kM4jJIIgLShZeqLY7iboHoGkdgFl7W2/Ivi4SkMJYGKqW8vSuk0uKUj6qsSw==

asynckit@^0.4.0:
  version "0.4.0"
  resolved "https://registry.npmjs.org/asynckit/-/asynckit-0.4.0.tgz"
  integrity sha512-Oei9OH4tRh0YqU3GxhX79dM/mwVgvbZJaSNaRk+bshkj0S5cfHcgYakreBjrHwatXKbz+IoIdYLxrKim2MjW0Q==

aws-sign@~0.3.0:
  version "0.3.0"
  resolved "https://registry.npmjs.org/aws-sign/-/aws-sign-0.3.0.tgz"
  integrity sha512-pEMJAknifcXqXqYVXzGPIu8mJvxtJxIdpVpAs8HNS+paT+9srRUDMQn+3hULS7WbLmttcmvgMvnDcFujqXJyPw==

axios@^1.13.2:
  version "1.13.2"
  resolved "https://registry.npmjs.org/axios/-/axios-1.13.2.tgz"
  integrity sha512-VPk9ebNqPcy5lRGuSlKx752IlDatOjT9paPlm8A7yOuW2Fbvp4X3JznJtT4f0GzGLLiWE9W8onz51SqLYwzGaA==
  dependencies:
    follow-redirects "^1.15.6"
    form-data "^4.0.4"
    proxy-from-env "^1.1.0"

boom@0.4.x:
  version "0.4.2"
  resolved "https://registry.npmjs.org/boom/-/boom-0.4.2.tgz"
  integrity sha512-OvfN8y1oAxxphzkl2SnCS+ztV/uVKTATtgLjWYg/7KwcNyf3rzpHxNQJZCKtsZd4+MteKczhWbSjtEX4bGgU9g==
  dependencies:
    hoek "0.9.x"

call-bind-apply-helpers@^1.0.1, call-bind-apply-helpers@^1.0.2:
  version "1.0.2"
  resolved "https://registry.npmjs.org/call-bind-apply-helpers/-/call-bind-apply-helpers-1.0.2.tgz"
  integrity sha512-Sp1ablJ0ivDkSzjcaJdxEunN5/XvksFJ2sMBFfq6x0ryhQV/2b/KwFe21cMpmHtPOSij8K99/wSfoEuTObmuMQ==
  dependencies:
    es-errors "^1.3.0"
    function-bind "^1.1.2"

chromium-bidi@17.0.2:
  version "17.0.2"
  resolved "https://registry.yarnpkg.com/chromium-bidi/-/chromium-bidi-17.0.2.tgz#921a586deecd0c2d8b9242c4c1b73c3aa39ff77c"
  integrity sha512-5v9GQFhTktFvotn/OFNJBmKLKRAb6n9r0bVCwf7sHgWc3/JryK0bj1nn93L3pHFrfgcsu6Be6EWsDi+1XHTGDg==
  dependencies:
    mitt "^3.0.1"
    zod "^3.24.1"

cliui@^9.0.1:
  version "9.0.1"
  resolved "https://registry.yarnpkg.com/cliui/-/cliui-9.0.1.tgz#6f7890f386f6f1f79953adc1f78dec46fcc2d291"
  integrity sha512-k7ndgKhwoQveBL+/1tqGJYNz097I7WOvwbmmU2AR5+magtbjPWQTS1C5vzGkBC8Ym8UWRzfKUzUUqFLypY4Q+w==
  dependencies:
    string-width "^7.2.0"
    strip-ansi "^7.1.0"
    wrap-ansi "^9.0.0"

color-convert@0.2.x:
  version "0.2.1"
  resolved "https://registry.npmjs.org/color-convert/-/color-convert-0.2.1.tgz"
  integrity sha512-FWbwpCgyRV41Vml0iKU9UmL0dVTKORnm7ZC8h8cdfvutk2bU7ZcMLtSleggScK/IpUVXILg9Pw86LhPUQyTaVg==

color-string@0.1.x:
  version "0.1.3"
  resolved "https://registry.npmjs.org/color-string/-/color-string-0.1.3.tgz"
  integrity sha512-ERkoOp/s/VSrQ5OyH1Gs9LCgFWnTlQXUqAaGNBJzV2gjuunWuxISth8lOaDqfPfDIjiR9MI7WrzH1hDNRVOCfQ==
  dependencies:
    color-convert "0.2.x"

color@~0.4.4:
  version "0.4.4"
  resolved "https://registry.npmjs.org/color/-/color-0.4.4.tgz"
  integrity sha512-Wa2mQ2xBzUsWuaADkn2hW4byONQ+ccYAntGg1OT0ZaULyf8vBgybV49dl60092xYOiFZaPIgZOAowxMqaKesQA==
  dependencies:
    color-convert "0.2.x"
    color-string "0.1.x"

combined-stream@^1.0.8:
  version "1.0.8"
  resolved "https://registry.npmjs.org/combined-stream/-/combined-stream-1.0.8.tgz"
  integrity sha512-FQN4MRfuJeHf7cBbBMJFXhKSDq+2kAArBlmRBvcvFE5BB1HZKXtSFASDhdlz9zOYwxh8lDdnvmMOe/+5cdoEdg==
  dependencies:
    delayed-stream "~1.0.0"

combined-stream@~0.0.4:
  version "0.0.7"
  resolved "https://registry.npmjs.org/combined-stream/-/combined-stream-0.0.7.tgz"
  integrity sha512-qfexlmLp9MyrkajQVyjEDb0Vj+KhRgR/rxLiVhaihlT+ZkX0lReqtH6Ack40CvMDERR4b5eFp3CreskpBs1Pig==
  dependencies:
    delayed-stream "0.0.5"

cookie-jar@~0.3.0:
  version "0.3.0"
  resolved "https://registry.npmjs.org/cookie-jar/-/cookie-jar-0.3.0.tgz"
  integrity sha512-dX1400pzPULr+ZovkIsDEqe7XH8xCAYGT5Dege4Eot44Qs2mS2iJmnh45TxTO5MIsCfrV/JGZVloLhm46AHxNw==

cryptiles@0.2.x:
  version "0.2.2"
  resolved "https://registry.npmjs.org/cryptiles/-/cryptiles-0.2.2.tgz"
  integrity sha512-gvWSbgqP+569DdslUiCelxIv3IYK5Lgmq1UrRnk+s1WxQOQ16j3GPDcjdtgL5Au65DU/xQi6q3xPtf5Kta+3IQ==
  dependencies:
    boom "0.4.x"

ctype@0.5.3:
  version "0.5.3"
  resolved "https://registry.npmjs.org/ctype/-/ctype-0.5.3.tgz"
  integrity sha512-T6CEkoSV4q50zW3TlTHMbzy1E5+zlnNcY+yb7tWVYlTwPhx9LpnfAkd4wecpWknDyptp4k97LUZeInlf6jdzBg==

debug@~0.7.2:
  version "0.7.4"
  resolved "https://registry.npmjs.org/debug/-/debug-0.7.4.tgz"
  integrity sha512-EohAb3+DSHSGx8carOSKJe8G0ayV5/i609OD0J2orCkuyae7SyZSz2aoLmQF2s0Pj5gITDebwPH7GFBlqOUQ1Q==

delayed-stream@0.0.5:
  version "0.0.5"
  resolved "https://registry.npmjs.org/delayed-stream/-/delayed-stream-0.0.5.tgz"
  integrity sha512-v+7uBd1pqe5YtgPacIIbZ8HuHeLFVNe4mUEyFDXL6KiqzEykjbw+5mXZXpGFgNVasdL4jWKgaKIXrEHiynN1LA==

delayed-stream@~1.0.0:
  version "1.0.0"
  resolved "https://registry.npmjs.org/delayed-stream/-/delayed-stream-1.0.0.tgz"
  integrity sha512-ZySD7Nf91aLB0RxL4KGrKHBXl7Eds1DAmEdcoVawXnLD7SDhpNgtuII2aAkg7a7QS41jxPSZ17p4VdGnMHk3MQ==

devtools-protocol@0.0.1680125:
  version "0.0.1680125"
  resolved "https://registry.yarnpkg.com/devtools-protocol/-/devtools-protocol-0.0.1680125.tgz#21e5b2369a0a0a465aa9818dda622674a0edba11"
  integrity sha512-rVARKAvOFJCFkvgX01VLvYqKIvt+cRCqvUxIhB2oAqVGPalxk3w3sb5TUGDagpow/EFblBpm/Zl/29QA2dd+jA==

dunder-proto@^1.0.1:
  version "1.0.1"
  resolved "https://registry.npmjs.org/dunder-proto/-/dunder-proto-1.0.1.tgz"
  integrity sha512-KIN/nDJBQRcXw0MLVhZE9iQHmG68qAVIBg9CqmUYjmQIhgij9U5MFvrqkUL5FbtyyzZuOeOt0zdeRe4UY7ct+A==
  dependencies:
    call-bind-apply-helpers "^1.0.1"
    es-errors "^1.3.0"
    gopd "^1.2.0"

emoji-regex@^10.3.0:
  version "10.6.0"
  resolved "https://registry.yarnpkg.com/emoji-regex/-/emoji-regex-10.6.0.tgz#bf3d6e8f7f8fd22a65d9703475bc0147357a6b0d"
  integrity sha512-toUI84YS5YmxW219erniWD0CIVOo46xGKColeNQRgOzDorgBi1v4D71/OFzgD9GO2UGKIv1C3Sp8DAn0+j5w7A==

es-define-property@^1.0.1:
  version "1.0.1"
  resolved "https://registry.npmjs.org/es-define-property/-/es-define-property-1.0.1.tgz"
  integrity sha512-e3nRfgfUZ4rNGL232gUgX06QNyyez04KdjFrF+LTRoOXmrOgFKDg4BCdsjW8EnT69eqdYGmRpJwiPVYNrCaW3g==

es-errors@^1.3.0:
  version "1.3.0"
  resolved "https://registry.npmjs.org/es-errors/-/es-errors-1.3.0.tgz"
  integrity sha512-Zf5H2Kxt2xjTvbJvP2ZWLEICxA6j+hAmMzIlypy4xcBg1vKVnx89Wy0GbS+kf5cwCVFFzdCFh2XSCFNULS6csw==

es-object-atoms@^1.0.0, es-object-atoms@^1.1.1:
  version "1.1.1"
  resolved "https://registry.npmjs.org/es-object-atoms/-/es-object-atoms-1.1.1.tgz"
  integrity sha512-FGgH2h8zKNim9ljj7dankFPcICIK9Cp5bm+c2gQSYePhpaG5+esrLODihIorn+Pe6FGJzWhXQotPv73jTaldXA==
  dependencies:
    es-errors "^1.3.0"

es-set-tostringtag@^2.1.0:
  version "2.1.0"
  resolved "https://registry.npmjs.org/es-set-tostringtag/-/es-set-tostringtag-2.1.0.tgz"
  integrity sha512-j6vWzfrGVfyXxge+O0x5sh6cvxAog0a/4Rdd2K36zCMV5eJ+/+tOAngRO8cODMNWbVRdVlmGZQL2YS3yR8bIUA==
  dependencies:
    es-errors "^1.3.0"
    get-intrinsic "^1.2.6"
    has-tostringtag "^1.0.2"
    hasown "^2.0.2"

escalade@^3.1.1:
  version "3.2.0"
  resolved "https://registry.npmjs.org/escalade/-/escalade-3.2.0.tgz"
  integrity sha512-WUj2qlxaQtO4g6Pq5c29GTcWGDyd8itL8zTlipgECz3JesAiiOKotd8JU6otB3PACgG6xkJUyVhboMS+bje/jA==

esprima@^4.0.0:
  version "4.0.1"
  resolved "https://registry.npmjs.org/esprima/-/esprima-4.0.1.tgz"
  integrity sha512-eGuFFw7Upda+g4p+QHvnW0RyTX/SVeJBDM/gCtMARO0cLuT2HcEKnTPvhjV6aGeqrCB/sbNop0Kszm0jsaWU4A==

extend-shallow@^2.0.1:
  version "2.0.1"
  resolved "https://registry.npmjs.org/extend-shallow/-/extend-shallow-2.0.1.tgz"
  integrity sha512-zCnTtlxNoAiDc3gqY2aYAWFx7XWWiasuF2K8Me5WbN8otHKTUKBwjPtNpRs/rbUZm7KxWAaNj7P1a/p52GbVug==
  dependencies:
    is-extendable "^0.1.0"

follow-redirects@^1.15.6:
  version "1.15.11"
  resolved "https://registry.npmjs.org/follow-redirects/-/follow-redirects-1.15.11.tgz"
  integrity sha512-deG2P0JfjrTxl50XGCDyfI97ZGVCxIpfKYmfyrQ54n5FO/0gfIES8C/Psl6kWVDolizcaaxZJnTS0QSMxvnsBQ==

forever-agent@~0.5.0:
  version "0.5.2"
  resolved "https://registry.npmjs.org/forever-agent/-/forever-agent-0.5.2.tgz"
  integrity sha512-PDG5Ef0Dob/JsZUxUltJOhm/Y9mlteAE+46y3M9RBz/Rd3QVENJ75aGRhN56yekTUboaBIkd8KVWX2NjF6+91A==

form-data@^4.0.4:
  version "4.0.5"
  resolved "https://registry.npmjs.org/form-data/-/form-data-4.0.5.tgz"
  integrity sha512-8RipRLol37bNs2bhoV67fiTEvdTrbMUYcFTiy3+wuuOnUog2QBHCZWXDRijWQfAkhBj2Uf5UnVaiWwA5vdd82w==
  dependencies:
    asynckit "^0.4.0"
    combined-stream "^1.0.8"
    es-set-tostringtag "^2.1.0"
    hasown "^2.0.2"
    mime-types "^2.1.12"

form-data@~0.1.0:
  version "0.1.4"
  resolved "https://registry.npmjs.org/form-data/-/form-data-0.1.4.tgz"
  integrity sha512-x8eE+nzFtAMA0YYlSxf/Qhq6vP1f8wSoZ7Aw1GuctBcmudCNuTUmmx45TfEplyb6cjsZO/jvh6+1VpZn24ez+w==
  dependencies:
    async "~0.9.0"
    combined-stream "~0.0.4"
    mime "~1.2.11"

function-bind@^1.1.2:
  version "1.1.2"
  resolved "https://registry.npmjs.org/function-bind/-/function-bind-1.1.2.tgz"
  integrity sha512-7XHNxH7qX9xG5mIwxkhumTox/MIRNcOgDrxWsMt2pAr23WHp6MrRlN7FBSFpCpr+oVO0F744iUgR82nJMfG2SA==

get-caller-file@^2.0.5:
  version "2.0.5"
  resolved "https://registry.npmjs.org/get-caller-file/-/get-caller-file-2.0.5.tgz"
  integrity sha512-DyFP3BM/3YHTQOCUL/w0OZHR0lpKeGrxotcHWcqNEdnltqFwXVfhEBQ94eIo34AfQpo0rGki4cyIiftY06h2Fg==

get-east-asian-width@^1.0.0, get-east-asian-width@^1.5.0:
  version "1.7.0"
  resolved "https://registry.yarnpkg.com/get-east-asian-width/-/get-east-asian-width-1.7.0.tgz#7ee99f0bd5ab7c622002deeabba232923726d1d4"
  integrity sha512-XjH1AECxf0giL2V1aU8vKyRR2ppRUb5c0EvT7zuJTokQ74bNo52zOtghqdWIqrhUD79fo3x0WfKZdOqxF6LG1Q==

get-intrinsic@^1.2.6:
  version "1.3.0"
  resolved "https://registry.npmjs.org/get-intrinsic/-/get-intrinsic-1.3.0.tgz"
  integrity sha512-9fSjSaos/fRIVIp+xSJlE6lfwhES7LNtKaCBIamHsjr2na1BiABJPo0mOjjz8GJDURarmCPGqaiVg5mfjb98CQ==
  dependencies:
    call-bind-apply-helpers "^1.0.2"
    es-define-property "^1.0.1"
    es-errors "^1.3.0"
    es-object-atoms "^1.1.1"
    function-bind "^1.1.2"
    get-proto "^1.0.1"
    gopd "^1.2.0"
    has-symbols "^1.1.0"
    hasown "^2.0.2"
    math-intrinsics "^1.1.0"

get-proto@^1.0.1:
  version "1.0.1"
  resolved "https://registry.npmjs.org/get-proto/-/get-proto-1.0.1.tgz"
  integrity sha512-sTSfBjoXBp89JvIKIefqw7U2CCebsc74kiY6awiGogKtoSGbgjYE/G/+l9sF3MWFPNc9IcoOC4ODfKHfxFmp0g==
  dependencies:
    dunder-proto "^1.0.1"
    es-object-atoms "^1.0.0"

gopd@^1.2.0:
  version "1.2.0"
  resolved "https://registry.npmjs.org/gopd/-/gopd-1.2.0.tgz"
  integrity sha512-ZUKRh6/kUFoAiTAtTYPZJ3hw9wNxx+BIBOijnlG9PnrJsCcSjs1wyyD6vJpaYtgnzDrKYRSqf3OO6Rfa93xsRg==

gray-matter@^4.0.3:
  version "4.0.3"
  resolved "https://registry.npmjs.org/gray-matter/-/gray-matter-4.0.3.tgz"
  integrity sha512-5v6yZd4JK3eMI3FqqCouswVqwugaA9r4dNZB1wwcmrD02QkV5H0y7XBQW8QwQqEaZY1pM9aqORSORhJRdNK44Q==
  dependencies:
    js-yaml "^3.13.1"
    kind-of "^6.0.2"
    section-matter "^1.0.0"
    strip-bom-string "^1.0.0"

has-symbols@^1.0.3, has-symbols@^1.1.0:
  version "1.1.0"
  resolved "https://registry.npmjs.org/has-symbols/-/has-symbols-1.1.0.tgz"
  integrity sha512-1cDNdwJ2Jaohmb3sg4OmKaMBwuC48sYni5HUw2DvsC8LjGTLK9h+eb1X6RyuOHe4hT0ULCW68iomhjUoKUqlPQ==

has-tostringtag@^1.0.2:
  version "1.0.2"
  resolved "https://registry.npmjs.org/has-tostringtag/-/has-tostringtag-1.0.2.tgz"
  integrity sha512-NqADB8VjPFLM2V0VvHUewwwsw0ZWBaIdgo+ieHtK3hasLz4qeCRjYcqfB6AQrBggRKppKF8L52/VqdVsO47Dlw==
  dependencies:
    has-symbols "^1.0.3"

hasown@^2.0.2:
  version "2.0.2"
  resolved "https://registry.npmjs.org/hasown/-/hasown-2.0.2.tgz"
  integrity sha512-0hJU9SCPvmMzIBdZFqNPXWa6dqh7WdH0cII9y+CyS8rG3nL48Bclra9HmKhVVUHyPWNH5Y7xDwAB7bfgSjkUMQ==
  dependencies:
    function-bind "^1.1.2"

hawk@~1.0.0:
  version "1.0.0"
  resolved "https://registry.npmjs.org/hawk/-/hawk-1.0.0.tgz"
  integrity sha512-Sg+VzrI7TjUomO0rjD6UXawsj50ykn5sB/xKNW/IenxzRVyw/wt9A2FLzYpGL/r0QG5hyXY8nLx/2m8UutoDcg==
  dependencies:
    boom "0.4.x"
    cryptiles "0.2.x"
    hoek "0.9.x"
    sntp "0.2.x"

hoek@0.9.x:
  version "0.9.1"
  resolved "https://registry.npmjs.org/hoek/-/hoek-0.9.1.tgz"
  integrity sha512-ZZ6eGyzGjyMTmpSPYVECXy9uNfqBR7x5CavhUaLOeD6W0vWK1mp/b7O3f86XE0Mtfo9rZ6Bh3fnuw9Xr8MF9zA==

http-signature@~0.10.0:
  version "0.10.1"
  resolved "https://registry.npmjs.org/http-signature/-/http-signature-0.10.1.tgz"
  integrity sha512-coK8uR5rq2IMj+Hen+sKPA5ldgbCc1/spPdKCL1Fw6h+D0s/2LzMcRK0Cqufs1h0ryx/niwBHGFu8HC3hwU+lA==
  dependencies:
    asn1 "0.1.11"
    assert-plus "^0.1.5"
    ctype "0.5.3"

hugo@^0.0.3:
  version "0.0.3"
  resolved "https://registry.npmjs.org/hugo/-/hugo-0.0.3.tgz"
  integrity sha512-CWJ5p8w0v6M3Z8FUbLOYUtlCZNcC3PYUQuu6rpu1yj61IIIt6qgc4weAMiu0jsoJQAUlFiXgMH4fCo4geEdvbA==
  dependencies:
    async "~0.2.9"
    color "~0.4.4"
    debug "~0.7.2"
    lodash "~2.2.1"
    request "~2.27.0"

is-extendable@^0.1.0:
  version "0.1.1"
  resolved "https://registry.npmjs.org/is-extendable/-/is-extendable-0.1.1.tgz"
  integrity sha512-5BMULNob1vgFX6EjQw5izWDxrecWK9AM72rugNr0TFldMOi0fj6Jk+zeKIt0xGj4cEfQIJth4w3OKWOJ4f+AFw==

js-yaml@^3.13.1:
  version "3.14.2"
  resolved "https://registry.npmjs.org/js-yaml/-/js-yaml-3.14.2.tgz"
  integrity sha512-PMSmkqxr106Xa156c2M265Z+FTrPl+oxd/rgOQy2tijQeK5TxQ43psO1ZCwhVOSdnn+RzkzlRz/eY4BgJBYVpg==
  dependencies:
    argparse "^1.0.7"
    esprima "^4.0.0"

json-stringify-safe@~5.0.0:
  version "5.0.1"
  resolved "https://registry.npmjs.org/json-stringify-safe/-/json-stringify-safe-5.0.1.tgz"
  integrity sha512-ZClg6AaYvamvYEE82d3Iyd3vSSIjQ+odgjaTzRuO3s7toCdFKczob2i0zCh7JE8kWn17yvAWhUVxvqGwUalsRA==

kind-of@^6.0.0, kind-of@^6.0.2:
  version "6.0.3"
  resolved "https://registry.npmjs.org/kind-of/-/kind-of-6.0.3.tgz"
  integrity sha512-dcS1ul+9tmeD95T+x28/ehLgd9mENa3LsvDTtzm3vyBEO7RPptvAD+t44WVXaUjTBRcrpFeFlC8WCruUR456hw==

lilconfig@^3.1.3:
  version "3.1.3"
  resolved "https://registry.yarnpkg.com/lilconfig/-/lilconfig-3.1.3.tgz#a1bcfd6257f9585bf5ae14ceeebb7b559025e4c4"
  integrity sha512-/vlFKAoH5Cgt3Ie+JLhRbwOsCQePABiU3tJ1egGvyQ+33R/vcwM2Zl2QR/LzjsBeItPt3oSVXapn+m4nQDvpzw==

lodash@~2.2.1:
  version "2.2.1"
  resolved "https://registry.npmjs.org/lodash/-/lodash-2.2.1.tgz"
  integrity sha512-rGaKzxe4Biu8YdCPD/tUkBF4/fnAqgj63A6PeAyQnH/NEKNUHgppGZUgYBYOmAZsBKwwAb343Q1Zew0RDB2jIg==

math-intrinsics@^1.1.0:
  version "1.1.0"
  resolved "https://registry.npmjs.org/math-intrinsics/-/math-intrinsics-1.1.0.tgz"
  integrity sha512-/IXtbwEk5HTPyEwyKX6hGkYXxM9nbj64B+ilVJnC/R6B0pH5G4V3b0pVbL7DBj4tkhBAppbQUlf6F6Xl9LHu1g==

mime-db@1.52.0:
  version "1.52.0"
  resolved "https://registry.npmjs.org/mime-db/-/mime-db-1.52.0.tgz"
  integrity sha512-sPU4uV7dYlvtWJxwwxHD0PuihVNiE7TyAbQ5SWxDCB9mUYvOgroQOwYQQOKPJ8CIbE+1ETVlOoK1UC2nU3gYvg==

mime-types@^2.1.12:
  version "2.1.35"
  resolved "https://registry.npmjs.org/mime-types/-/mime-types-2.1.35.tgz"
  integrity sha512-ZDY+bPm5zTTF+YpCrAU9nK0UgICYPT0QtT1NZWFv4s++TNkcgVaT0g6+4R2uI4MjQjzysHB1zxuWL50hzaeXiw==
  dependencies:
    mime-db "1.52.0"

mime@~1.2.11, mime@~1.2.9:
  version "1.2.11"
  resolved "https://registry.npmjs.org/mime/-/mime-1.2.11.tgz"
  integrity sha512-Ysa2F/nqTNGHhhm9MV8ure4+Hc+Y8AWiqUdHxsO7xu8zc92ND9f3kpALHjaP026Ft17UfxrMt95c50PLUeynBw==

mitt@^3.0.1:
  version "3.0.1"
  resolved "https://registry.npmjs.org/mitt/-/mitt-3.0.1.tgz"
  integrity sha512-vKivATfr97l2/QBCYAkXYDbrIWPM2IIKEl7YPhjCvKlG3kE2gm+uBo6nEXK3M5/Ffh/FLpKExzOQ3JJoJGFKBw==

modern-tar@^0.8.4:
  version "0.8.5"
  resolved "https://registry.yarnpkg.com/modern-tar/-/modern-tar-0.8.5.tgz#64f5eff1fafc1875f45bf0899452c09bf428cdb3"
  integrity sha512-snEhs+6G5Tjd4I7tLCDOaoln2RgE0bD19RzEKgvgK2hZ5VKy3MpLhLTZ2fWpXSTg4K2cyPwp+VHATFJhxfnOeA==

node-uuid@~1.4.0:
  version "1.4.8"
  resolved "https://registry.npmjs.org/node-uuid/-/node-uuid-1.4.8.tgz"
  integrity sha512-TkCET/3rr9mUuRp+CpO7qfgT++aAxfDRaalQhwPFzI9BY/2rCDn6OfpZOVggi1AXfTPpfkTrg5f5WQx5G1uLxA==

oauth-sign@~0.3.0:
  version "0.3.0"
  resolved "https://registry.npmjs.org/oauth-sign/-/oauth-sign-0.3.0.tgz"
  integrity sha512-Tr31Sh5FnK9YKm7xTUPyDMsNOvMqkVDND0zvK/Wgj7/H9q8mpye0qG2nVzrnsvLhcsX5DtqXD0la0ks6rkPCGQ==

proxy-from-env@^1.1.0:
  version "1.1.0"
  resolved "https://registry.npmjs.org/proxy-from-env/-/proxy-from-env-1.1.0.tgz"
  integrity sha512-D+zkORCbA9f1tdWRK0RaCR3GPv50cMxcrz4X8k5LTSUD1Dkw47mKJEZQNunItRTkWwgtaUSo1RVFRIG9ZXiFYg==

puppeteer-core@25.11.0:
  version "25.11.0"
  resolved "https://registry.yarnpkg.com/puppeteer-core/-/puppeteer-core-25.11.0.tgz#0eb9b22f2f2a261a4c7f20ed7701fbd5007b8789"
  integrity sha512-Ujym7JbxoAqanaxGcHgmTomfhC01HfDCSuGZ8Hs9boHrDjzbNVMnFRJo2KtbDT9LCRgeJoFnkn9JQZ41eEUrLw==
  dependencies:
    "@puppeteer/browsers" "3.2.2"
    chromium-bidi "17.0.2"
    devtools-protocol "0.0.1680125"
    typed-query-selector "^2.12.2"
    webdriver-bidi-protocol "0.4.3"
    ws "^8.21.3"

puppeteer@^25.11.0:
  version "25.11.0"
  resolved "https://registry.yarnpkg.com/puppeteer/-/puppeteer-25.11.0.tgz#fdd205cd4bd8dfdf8e67d991536b78f2dae039c3"
  integrity sha512-n+psxZFH/qlJ3gwTZMxTLUZoE98FAOEjT/BSxHXvPmNCGAfN/kq0UnIZ8m9RB4rAVvJr7zRHUnKKg98GLMUyyQ==
  dependencies:
    "@puppeteer/browsers" "3.2.2"
    chromium-bidi "17.0.2"
    devtools-protocol "0.0.1680125"
    lilconfig "^3.1.3"
    puppeteer-core "25.11.0"
    typed-query-selector "^2.12.2"

qs@~0.6.0:
  version "0.6.6"
  resolved "https://registry.npmjs.org/qs/-/qs-0.6.6.tgz"
  integrity sha512-kN+yNdAf29Jgp+AYHUmC7X4QdJPR8czuMWLNLc0aRxkQ7tB3vJQEONKKT9ou/rW7EbqVec11srC9q9BiVbcnHA==

request@~2.27.0:
  version "2.27.0"
  resolved "https://registry.npmjs.org/request/-/request-2.27.0.tgz"
  integrity sha512-V4AYOEmdUrf0X+CVF2hndyMzIeQ8G7LB45HER/rXZYEwNVI3QFGgLPLafQLHjqtG/ggzHEMb66Ng5IemksixsQ==
  dependencies:
    aws-sign "~0.3.0"
    cookie-jar "~0.3.0"
    forever-agent "~0.5.0"
    form-data "~0.1.0"
    hawk "~1.0.0"
    http-signature "~0.10.0"
    json-stringify-safe "~5.0.0"
    mime "~1.2.9"
    node-uuid "~1.4.0"
    oauth-sign "~0.3.0"
    qs "~0.6.0"
    tunnel-agent "~0.3.0"

section-matter@^1.0.0:
  version "1.0.0"
  resolved "https://registry.npmjs.org/section-matter/-/section-matter-1.0.0.tgz"
  integrity sha512-vfD3pmTzGpufjScBh50YHKzEu2lxBWhVEHsNGoEXmCmn2hKGfeNLYMzCJpe8cD7gqX7TJluOVpBkAequ6dgMmA==
  dependencies:
    extend-shallow "^2.0.1"
    kind-of "^6.0.0"

sntp@0.2.x:
  version "0.2.4"
  resolved "https://registry.npmjs.org/sntp/-/sntp-0.2.4.tgz"
  integrity sha512-bDLrKa/ywz65gCl+LmOiIhteP1bhEsAAzhfMedPoiHP3dyYnAevlaJshdqb9Yu0sRifyP/fRqSt8t+5qGIWlGQ==
  dependencies:
    hoek "0.9.x"

sprintf-js@~1.0.2:
  version "1.0.3"
  resolved "https://registry.npmjs.org/sprintf-js/-/sprintf-js-1.0.3.tgz"
  integrity sha512-D9cPgkvLlV3t3IzL0D0YLvGA9Ahk4PcvVwUbN0dSGr1aP0Nrt4AEnTUbuGvquEC0mA64Gqt1fzirlRs5ibXx8g==

string-width@^7.0.0, string-width@^7.2.0:
  version "7.2.0"
  resolved "https://registry.yarnpkg.com/string-width/-/string-width-7.2.0.tgz#b5bb8e2165ce275d4d43476dd2700ad9091db6dc"
  integrity sha512-tsaTIkKW9b4N+AEj+SVA+WhJzV7/zMhcSu78mLKWSk7cXMOSHsBKFWUs0fWwq8QyK3MgJBQRX6Gbi4kYbdvGkQ==
  dependencies:
    emoji-regex "^10.3.0"
    get-east-asian-width "^1.0.0"
    strip-ansi "^7.1.0"

string-width@^8.2.1:
  version "8.3.0"
  resolved "https://registry.yarnpkg.com/string-width/-/string-width-8.3.0.tgz#f1e85ca6d276ed9226c979c3651fb7abf548fbbe"
  integrity sha512-ZbmZM0JCihQN91dWnxoipT2KOEyHqEyfRXUyjuRhW8b/xnqPDoq4gWEVApTVa9db2wN8mmoikgFBbjh71+cGeQ==
  dependencies:
    get-east-asian-width "^1.5.0"
    strip-ansi "^7.1.2"

strip-ansi@^7.1.0, strip-ansi@^7.1.2:
  version "7.2.0"
  resolved "https://registry.yarnpkg.com/strip-ansi/-/strip-ansi-7.2.0.tgz#d22a269522836a627af8d04b5c3fd2c7fa3e32e3"
  integrity sha512-yDPMNjp4WyfYBkHnjIRLfca1i6KMyGCtsVgoKe/z1+6vukgaENdgGBZt+ZmKPc4gavvEZ5OgHfHdrazhgNyG7w==
  dependencies:
    ansi-regex "^6.2.2"

strip-bom-string@^1.0.0:
  version "1.0.0"
  resolved "https://registry.npmjs.org/strip-bom-string/-/strip-bom-string-1.0.0.tgz"
  integrity sha512-uCC2VHvQRYu+lMh4My/sFNmF2klFymLX1wHJeXnbEJERpV/ZsVuonzerjfrGpIGF7LBVa1O7i9kjiWvJiFck8g==

tunnel-agent@~0.3.0:
  version "0.3.0"
  resolved "https://registry.npmjs.org/tunnel-agent/-/tunnel-agent-0.3.0.tgz"
  integrity sha512-jlGqHGoKzyyjhwv/c9omAgohntThMcGtw8RV/RDLlkbbc08kni/akVxO62N8HaXMVbVsK1NCnpSK3N2xCt22ww==

typed-query-selector@^2.12.2:
  version "2.12.3"
  resolved "https://registry.yarnpkg.com/typed-query-selector/-/typed-query-selector-2.12.3.tgz#d7542a829b15bd6246a5c0c03daca41b21e40025"
  integrity sha512-/dtuMZyutHLlrxWhhC1uib00ELUr2dZ8C9B8YzZYsJmeE3V56OxRblrSM2UaF142pcMtak7ehZ6+poWGeehNIg==

webdriver-bidi-protocol@0.4.3:
  version "0.4.3"
  resolved "https://registry.yarnpkg.com/webdriver-bidi-protocol/-/webdriver-bidi-protocol-0.4.3.tgz#57f873567211e8e48c99c58d2c65cb0b8302dc8f"
  integrity sha512-uuN0goWfxP22B7J/uAgBpOYNPttC+XVseYE+rSY5+rQ+YBeVz/VORw8WbmLVcqW78zNg5A4qnjNXYUWR3il2ig==

wrap-ansi@^9.0.0:
  version "9.0.2"
  resolved "https://registry.yarnpkg.com/wrap-ansi/-/wrap-ansi-9.0.2.tgz#956832dea9494306e6d209eb871643bb873d7c98"
  integrity sha512-42AtmgqjV+X1VpdOfyTGOYRi0/zsoLqtXQckTmqTeybT+BDIbM/Guxo7x3pE2vtpr1ok6xRqM9OpBe+Jyoqyww==
  dependencies:
    ansi-styles "^6.2.1"
    string-width "^7.0.0"
    strip-ansi "^7.1.0"

ws@^8.21.3:
  version "8.22.0"
  resolved "https://registry.yarnpkg.com/ws/-/ws-8.22.0.tgz#40f16e1d7588ac0575041be5c49b8eb261c28e73"
  integrity sha512-Ydggc987+RO0AnWtZ/7Wq9FtNvcrL1b/RO0ud9mWjUPgDrsAAwQSF51sm2hm1XofbU/4jkpGEsLFsZZxU+1DOg==

y18n@^5.0.5:
  version "5.0.8"
  resolved "https://registry.npmjs.org/y18n/-/y18n-5.0.8.tgz"
  integrity sha512-0pfFzegeDWJHJIAmTLRP2DwHjdF5s7jo9tuztdQxAhINCdvS+3nGINqPd00AphqJR/0LhANUS6/+7SCb98YOfA==

yargs-parser@^22.0.0:
  version "22.0.0"
  resolved "https://registry.yarnpkg.com/yargs-parser/-/yargs-parser-22.0.0.tgz#87b82094051b0567717346ecd00fd14804b357c8"
  integrity sha512-rwu/ClNdSMpkSrUb+d6BRsSkLUq1fmfsY6TOpYzTwvwkg1/NRG85KBy3kq++A8LKQwX6lsu+aWad+2khvuXrqw==

yargs@^18.0.0:
  version "18.2.0"
  resolved "https://registry.yarnpkg.com/yargs/-/yargs-18.2.0.tgz#c258276baa935fe8fb911d986067f6d0733e8608"
  integrity sha512-9OpKOLeaoNFecEp7P6iYbzze/5CqWoH7N3SMs/6y1XF4nMvFMspEGZzJ6uFi9MmQwXhyzqYoSEKO3tvA3Z/o2w==
  dependencies:
    cliui "^9.0.1"
    escalade "^3.1.1"
    get-caller-file "^2.0.5"
    string-width "^8.2.1"
    y18n "^5.0.5"
    yargs-parser "^22.0.0"

zod@^3.24.1:
  version "3.25.76"
  resolved "https://registry.npmjs.org/zod/-/zod-3.25.76.tgz"
  integrity sha512-gzUt/qt81nXsFGKIFcC3YnfEAx5NkunCfnDlvuBSSFS02bcXu4Lmea0AFIUwbLWxWPx3d9p8S5QoaujKcNQxcQ==
